
Microsoft Visual Studio Solution File, Format Version 12.00
# Visual Studio 15
VisualStudioVersion = 15.0.28010.2036
MinimumVisualStudioVersion = 10.0.40219.1
Project("{FAE04EC0-301F-11D3-BF4B-00C04F79EFBC}") = "WhereIsMyCoffee", "WhereIsMyCoffee\WhereIsMyCoffee.csproj", "{7C2165EE-2AEB-4C3C-90F7-50A6592FC0E5}"
EndProject
Global
	GlobalSection(SolutionConfigurationPlatforms) = preSolution
		Debug|Any CPU = Debug|Any CPU
		Release|Any CPU = Release|Any CPU
	EndGlobalSection
	GlobalSection(ProjectConfigurationPlatforms) = postSolution
		{7C2165EE-2AEB-4C3C-90F7-50A6592FC0E5}.Debug|Any CPU.ActiveCfg = Debug|Any CPU
		{7C2165EE-2AEB-4C3C-90F7-50A6592FC0E5}.Debug|Any CPU.Build.0 = Debug|Any CPU
		{7C2165EE-2AEB-4C3C-90F7-50A6592FC0E5}.Release|Any CPU.ActiveCfg = Release|Any CPU
		{7C2165EE-2AEB-4C3C-90F7-50A6592FC0E5}.Release|Any CPU.Build.0 = Release|Any CPU
	EndGlobalSection
	GlobalSection(SolutionProperties) = preSolution
		HideSolutionNode = FALSE
	EndGlobalSection
	GlobalSection(ExtensibilityGlobals) = postSolution
		SolutionGuid = {D0255D40-72B3-472B-A593-10272AF96E30}
	EndGlobalSection
EndGlobal
